
Microsoft Visual Studio Solution File, Format Version 12.00
# Visual Studio 15
VisualStudioVersion = 15.0.26430.12
MinimumVisualStudioVersion = 10.0.40219.1
Project("{FAE04EC0-301F-11D3-BF4B-00C04F79EFBC}") = "TheGapFiller", "TheGapFiller\TheGapFiller.csproj", "{5AE70B52-F6E6-49B3-8FB3-26A42081D6EF}"
EndProject
Project("{FAE04EC0-301F-11D3-BF4B-00C04F79EFBC}") = "TheGapFiller.Tests", "TheGapFiller.Tests\TheGapFiller.Tests.csproj", "{B6CC63CD-FA0E-4529-BBF7-F46BD60013DD}"
EndProject
Project("{FAE04EC0-301F-11D3-BF4B-00C04F79EFBC}") = "TheGapFiller.Model", "TheGapFiller.Model\TheGapFiller.Model.csproj", "{043CE8DC-B7D9-4E99-8759-408F61F2EA9E}"
EndProject
Project("{FAE04EC0-301F-11D3-BF4B-00C04F79EFBC}") = "TheGapFiller.Data", "TheGapFiller.Data\TheGapFiller.Data.csproj", "{1B217255-FD03-453E-AF87-33856EF2A1E4}"
EndProject
Project("{FAE04EC0-301F-11D3-BF4B-00C04F79EFBC}") = "TheGapFiller.Service", "TheGapFiller.Service\TheGapFiller.Service.csproj", "{B3E52A55-F420-4AB1-B3CC-85E8C64D0E3F}"
EndProject
Global
	GlobalSection(SolutionConfigurationPlatforms) = preSolution
		Debug|Any CPU = Debug|Any CPU
		Release|Any CPU = Release|Any CPU
	EndGlobalSection
	GlobalSection(ProjectConfigurationPlatforms) = postSolution
		{5AE70B52-F6E6-49B3-8FB3-26A42081D6EF}.Debug|Any CPU.ActiveCfg = Debug|Any CPU
		{5AE70B52-F6E6-49B3-8FB3-26A42081D6EF}.Debug|Any CPU.Build.0 = Debug|Any CPU
		{5AE70B52-F6E6-49B3-8FB3-26A42081D6EF}.Release|Any CPU.ActiveCfg = Release|Any CPU
		{5AE70B52-F6E6-49B3-8FB3-26A42081D6EF}.Release|Any CPU.Build.0 = Release|Any CPU
		{B6CC63CD-FA0E-4529-BBF7-F46BD60013DD}.Debug|Any CPU.ActiveCfg = Debug|Any CPU
		{B6CC63CD-FA0E-4529-BBF7-F46BD60013DD}.Debug|Any CPU.Build.0 = Debug|Any CPU
		{B6CC63CD-FA0E-4529-BBF7-F46BD60013DD}.Release|Any CPU.ActiveCfg = Release|Any CPU
		{B6CC63CD-FA0E-4529-BBF7-F46BD60013DD}.Release|Any CPU.Build.0 = Release|Any CPU
		{043CE8DC-B7D9-4E99-8759-408F61F2EA9E}.Debug|Any CPU.ActiveCfg = Debug|Any CPU
		{043CE8DC-B7D9-4E99-8759-408F61F2EA9E}.Debug|Any CPU.Build.0 = Debug|Any CPU
		{043CE8DC-B7D9-4E99-8759-408F61F2EA9E}.Release|Any CPU.ActiveCfg = Release|Any CPU
		{043CE8DC-B7D9-4E99-8759-408F61F2EA9E}.Release|Any CPU.Build.0 = Release|Any CPU
		{1B217255-FD03-453E-AF87-33856EF2A1E4}.Debug|Any CPU.ActiveCfg = Debug|Any CPU
		{1B217255-FD03-453E-AF87-33856EF2A1E4}.Debug|Any CPU.Build.0 = Debug|Any CPU
		{1B217255-FD03-453E-AF87-33856EF2A1E4}.Release|Any CPU.ActiveCfg = Release|Any CPU
		{1B217255-FD03-453E-AF87-33856EF2A1E4}.Release|Any CPU.Build.0 = Release|Any CPU
		{B3E52A55-F420-4AB1-B3CC-85E8C64D0E3F}.Debug|Any CPU.ActiveCfg = Debug|Any CPU
		{B3E52A55-F420-4AB1-B3CC-85E8C64D0E3F}.Debug|Any CPU.Build.0 = Debug|Any CPU
		{B3E52A55-F420-4AB1-B3CC-85E8C64D0E3F}.Release|Any CPU.ActiveCfg = Release|Any CPU
		{B3E52A55-F420-4AB1-B3CC-85E8C64D0E3F}.Release|Any CPU.Build.0 = Release|Any CPU
	EndGlobalSection
	GlobalSection(SolutionProperties) = preSolution
		HideSolutionNode = FALSE
	EndGlobalSection
EndGlobal
